
Microsoft Visual Studio Solution File, Format Version 12.00
# Visual Studio Version 17
VisualStudioVersion = 17.13.35617.110 d17.13
MinimumVisualStudioVersion = 10.0.40219.1
Project("{FAE04EC0-301F-11D3-BF4B-00C04F79EFBC}") = "CustomerListingApp", "CustomerListingApp.csproj", "{602A5F26-4899-402A-A290-4D429E8B22AE}"
EndProject
Global
	GlobalSection(SolutionConfigurationPlatforms) = preSolution
		Debug|Any CPU = Debug|Any CPU
		Release|Any CPU = Release|Any CPU
	EndGlobalSection
	GlobalSection(ProjectConfigurationPlatforms) = postSolution
		{602A5F26-4899-402A-A290-4D429E8B22AE}.Debug|Any CPU.ActiveCfg = Debug|Any CPU
		{602A5F26-4899-402A-A290-4D429E8B22AE}.Debug|Any CPU.Build.0 = Debug|Any CPU
		{602A5F26-4899-402A-A290-4D429E8B22AE}.Release|Any CPU.ActiveCfg = Release|Any CPU
		{602A5F26-4899-402A-A290-4D429E8B22AE}.Release|Any CPU.Build.0 = Release|Any CPU
	EndGlobalSection
	GlobalSection(SolutionProperties) = preSolution
		HideSolutionNode = FALSE
	EndGlobalSection
	GlobalSection(ExtensibilityGlobals) = postSolution
		SolutionGuid = {D9605180-5A21-4D60-AE2A-7CD6F52716B8}
	EndGlobalSection
EndGlobal
